// !$*UTF8*$!
{
	archiveVersion = 1;
	classes = {
	};
	objectVersion = 56;
	objects = {

/* Begin PBXBuildFile section */
		B64A2FE72D3DDD980032F053 /* IconView.swift in Sources */ = {isa = PBXBuildFile; fileRef = B64A2FE62D3DDD980032F053 /* IconView.swift */; };
		B652FA392D232A6300306D3C /* busease_appApp.swift in Sources */ = {isa = PBXBuildFile; fileRef = B652FA382D232A6300306D3C /* busease_appApp.swift */; };
		B652FA3D2D232A6A00306D3C /* Assets.xcassets in Resources */ = {isa = PBXBuildFile; fileRef = B652FA3C2D232A6A00306D3C /* Assets.xcassets */; };
		B652FA412D232A6A00306D3C /* Preview Assets.xcassets in Resources */ = {isa = PBXBuildFile; fileRef = B652FA402D232A6A00306D3C /* Preview Assets.xcassets */; };
		B66D06C72D29A33400AB1965 /* EncodeSans-SemiBold.ttf in Resources */ = {isa = PBXBuildFile; fileRef = B66D06C62D29A33400AB1965 /* EncodeSans-SemiBold.ttf */; };
		B66D06C92D29A34100AB1965 /* EncodeSans-Thin.ttf in Resources */ = {isa = PBXBuildFile; fileRef = B66D06C82D29A34100AB1965 /* EncodeSans-Thin.ttf */; };
		B66D06CE2D29A36500AB1965 /* EncodeSans-Regular.ttf in Resources */ = {isa = PBXBuildFile; fileRef = B66D06CA2D29A36500AB1965 /* EncodeSans-Regular.ttf */; };
		B66D06CF2D29A36500AB1965 /* EncodeSans-Medium.ttf in Resources */ = {isa = PBXBuildFile; fileRef = B66D06CB2D29A36500AB1965 /* EncodeSans-Medium.ttf */; };
		B66D06D02D29A36500AB1965 /* EncodeSans-Light.ttf in Resources */ = {isa = PBXBuildFile; fileRef = B66D06CC2D29A36500AB1965 /* EncodeSans-Light.ttf */; };
		B66D06D12D29A36500AB1965 /* EncodeSans-Bold.ttf in Resources */ = {isa = PBXBuildFile; fileRef = B66D06CD2D29A36500AB1965 /* EncodeSans-Bold.ttf */; };
		B66D06D32D29B94200AB1965 /* ColorBE.swift in Sources */ = {isa = PBXBuildFile; fileRef = B66D06D22D29B94200AB1965 /* ColorBE.swift */; };
		B66D06D52D29F65D00AB1965 /* VerificationCode.swift in Sources */ = {isa = PBXBuildFile; fileRef = B66D06D42D29F65D00AB1965 /* VerificationCode.swift */; };
		B6C65A022D246D4C00EB9EEA /* ValidationHelper.swift in Sources */ = {isa = PBXBuildFile; fileRef = B6C65A012D246D4C00EB9EEA /* ValidationHelper.swift */; };
		B6C65A072D2470B400EB9EEA /* RegisterUserView.swift in Sources */ = {isa = PBXBuildFile; fileRef = B6C65A062D2470B400EB9EEA /* RegisterUserView.swift */; };
		B6C65A0E2D24715100EB9EEA /* LoginUserView.swift in Sources */ = {isa = PBXBuildFile; fileRef = B6C65A0D2D24715100EB9EEA /* LoginUserView.swift */; };
		B6C65A112D2471CA00EB9EEA /* AuthenticationService.swift in Sources */ = {isa = PBXBuildFile; fileRef = B6C65A102D2471CA00EB9EEA /* AuthenticationService.swift */; };
		B6C65A132D2472BA00EB9EEA /* AuthenticationViewModel.swift in Sources */ = {isa = PBXBuildFile; fileRef = B6C65A122D2472BA00EB9EEA /* AuthenticationViewModel.swift */; };
		B6C65A152D26C67B00EB9EEA /* FontType.swift in Sources */ = {isa = PBXBuildFile; fileRef = B6C65A142D26C67B00EB9EEA /* FontType.swift */; };
		B6C65A172D26C6B100EB9EEA /* FontFamily.swift in Sources */ = {isa = PBXBuildFile; fileRef = B6C65A162D26C6B100EB9EEA /* FontFamily.swift */; };
		B6C65A192D26C71500EB9EEA /* Extension_Font.swift in Sources */ = {isa = PBXBuildFile; fileRef = B6C65A182D26C71500EB9EEA /* Extension_Font.swift */; };
		B6C65A1C2D26C7CC00EB9EEA /* TextFieldComponent.swift in Sources */ = {isa = PBXBuildFile; fileRef = B6C65A1B2D26C7CC00EB9EEA /* TextFieldComponent.swift */; };
		B6C65A222D26C92400EB9EEA /* Error.swift in Sources */ = {isa = PBXBuildFile; fileRef = B6C65A212D26C92400EB9EEA /* Error.swift */; };
		B6C65A252D26C98500EB9EEA /* TabModifier.swift in Sources */ = {isa = PBXBuildFile; fileRef = B6C65A242D26C98500EB9EEA /* TabModifier.swift */; };
		B6C65A272D26D81400EB9EEA /* Extension+UIColor.swift in Sources */ = {isa = PBXBuildFile; fileRef = B6C65A262D26D81300EB9EEA /* Extension+UIColor.swift */; };
		B6F7A92A2D3E76490062D897 /* FontSize.swift in Sources */ = {isa = PBXBuildFile; fileRef = B6F7A9292D3E76490062D897 /* FontSize.swift */; };
		B6F7A92C2D3EDC930062D897 /* BEButton.swift in Sources */ = {isa = PBXBuildFile; fileRef = B6F7A92B2D3EDC930062D897 /* BEButton.swift */; };
		B6F7A9302D3F18FC0062D897 /* ImageView.swift in Sources */ = {isa = PBXBuildFile; fileRef = B6F7A92F2D3F18FC0062D897 /* ImageView.swift */; };
		B6F7A9322D3F2B3B0062D897 /* Extension+View.swift in Sources */ = {isa = PBXBuildFile; fileRef = B6F7A9312D3F2B3B0062D897 /* Extension+View.swift */; };
		B6F7A9342D3F2B970062D897 /* CustomFullScreenCover.swift in Sources */ = {isa = PBXBuildFile; fileRef = B6F7A9332D3F2B970062D897 /* CustomFullScreenCover.swift */; };
/* End PBXBuildFile section */

/* Begin PBXFileReference section */
		B64A2FE62D3DDD980032F053 /* IconView.swift */ = {isa = PBXFileReference; lastKnownFileType = sourcecode.swift; path = IconView.swift; sourceTree = "<group>"; };
		B652FA352D232A6300306D3C /* busease-app.app */ = {isa = PBXFileReference; explicitFileType = wrapper.application; includeInIndex = 0; path = "busease-app.app"; sourceTree = BUILT_PRODUCTS_DIR; };
		B652FA382D232A6300306D3C /* busease_appApp.swift */ = {isa = PBXFileReference; lastKnownFileType = sourcecode.swift; path = busease_appApp.swift; sourceTree = "<group>"; };
		B652FA3C2D232A6A00306D3C /* Assets.xcassets */ = {isa = PBXFileReference; lastKnownFileType = folder.assetcatalog; path = Assets.xcassets; sourceTree = "<group>"; };
		B652FA3E2D232A6A00306D3C /* busease_app.entitlements */ = {isa = PBXFileReference; lastKnownFileType = text.plist.entitlements; path = busease_app.entitlements; sourceTree = "<group>"; };
		B652FA402D232A6A00306D3C /* Preview Assets.xcassets */ = {isa = PBXFileReference; lastKnownFileType = folder.assetcatalog; path = "Preview Assets.xcassets"; sourceTree = "<group>"; };
		B66D06C62D29A33400AB1965 /* EncodeSans-SemiBold.ttf */ = {isa = PBXFileReference; lastKnownFileType = file; name = "EncodeSans-SemiBold.ttf"; path = "../../../../../Downloads/Encode_Sans,Montserrat,Playwrite_IT_Moderna,Roboto/Encode_Sans/static/EncodeSans-SemiBold.ttf"; sourceTree = "<group>"; };
		B66D06C82D29A34100AB1965 /* EncodeSans-Thin.ttf */ = {isa = PBXFileReference; lastKnownFileType = file; name = "EncodeSans-Thin.ttf"; path = "../../../../../Downloads/Encode_Sans,Montserrat,Playwrite_IT_Moderna,Roboto/Encode_Sans/static/EncodeSans-Thin.ttf"; sourceTree = "<group>"; };
		B66D06CA2D29A36500AB1965 /* EncodeSans-Regular.ttf */ = {isa = PBXFileReference; lastKnownFileType = file; name = "EncodeSans-Regular.ttf"; path = "../../../../../Downloads/Encode_Sans,Montserrat,Playwrite_IT_Moderna,Roboto/Encode_Sans/static/EncodeSans-Regular.ttf"; sourceTree = "<group>"; };
		B66D06CB2D29A36500AB1965 /* EncodeSans-Medium.ttf */ = {isa = PBXFileReference; lastKnownFileType = file; name = "EncodeSans-Medium.ttf"; path = "../../../../../Downloads/Encode_Sans,Montserrat,Playwrite_IT_Moderna,Roboto/Encode_Sans/static/EncodeSans-Medium.ttf"; sourceTree = "<group>"; };
		B66D06CC2D29A36500AB1965 /* EncodeSans-Light.ttf */ = {isa = PBXFileReference; lastKnownFileType = file; name = "EncodeSans-Light.ttf"; path = "../../../../../Downloads/Encode_Sans,Montserrat,Playwrite_IT_Moderna,Roboto/Encode_Sans/static/EncodeSans-Light.ttf"; sourceTree = "<group>"; };
		B66D06CD2D29A36500AB1965 /* EncodeSans-Bold.ttf */ = {isa = PBXFileReference; lastKnownFileType = file; name = "EncodeSans-Bold.ttf"; path = "../../../../../Downloads/Encode_Sans,Montserrat,Playwrite_IT_Moderna,Roboto/Encode_Sans/static/EncodeSans-Bold.ttf"; sourceTree = "<group>"; };
		B66D06D22D29B94200AB1965 /* ColorBE.swift */ = {isa = PBXFileReference; lastKnownFileType = sourcecode.swift; path = ColorBE.swift; sourceTree = "<group>"; };
		B66D06D42D29F65D00AB1965 /* VerificationCode.swift */ = {isa = PBXFileReference; lastKnownFileType = sourcecode.swift; path = VerificationCode.swift; sourceTree = "<group>"; };
		B6C65A012D246D4C00EB9EEA /* ValidationHelper.swift */ = {isa = PBXFileReference; lastKnownFileType = sourcecode.swift; path = ValidationHelper.swift; sourceTree = "<group>"; };
		B6C65A062D2470B400EB9EEA /* RegisterUserView.swift */ = {isa = PBXFileReference; lastKnownFileType = sourcecode.swift; path = RegisterUserView.swift; sourceTree = "<group>"; };
		B6C65A0D2D24715100EB9EEA /* LoginUserView.swift */ = {isa = PBXFileReference; lastKnownFileType = sourcecode.swift; path = LoginUserView.swift; sourceTree = "<group>"; };
		B6C65A102D2471CA00EB9EEA /* AuthenticationService.swift */ = {isa = PBXFileReference; lastKnownFileType = sourcecode.swift; path = AuthenticationService.swift; sourceTree = "<group>"; };
		B6C65A122D2472BA00EB9EEA /* AuthenticationViewModel.swift */ = {isa = PBXFileReference; lastKnownFileType = sourcecode.swift; path = AuthenticationViewModel.swift; sourceTree = "<group>"; };
		B6C65A142D26C67B00EB9EEA /* FontType.swift */ = {isa = PBXFileReference; lastKnownFileType = sourcecode.swift; path = FontType.swift; sourceTree = "<group>"; };
		B6C65A162D26C6B100EB9EEA /* FontFamily.swift */ = {isa = PBXFileReference; lastKnownFileType = sourcecode.swift; path = FontFamily.swift; sourceTree = "<group>"; };
		B6C65A182D26C71500EB9EEA /* Extension_Font.swift */ = {isa = PBXFileReference; lastKnownFileType = sourcecode.swift; path = Extension_Font.swift; sourceTree = "<group>"; };
		B6C65A1B2D26C7CC00EB9EEA /* TextFieldComponent.swift */ = {isa = PBXFileReference; lastKnownFileType = sourcecode.swift; path = TextFieldComponent.swift; sourceTree = "<group>"; };
		B6C65A212D26C92400EB9EEA /* Error.swift */ = {isa = PBXFileReference; lastKnownFileType = sourcecode.swift; path = Error.swift; sourceTree = "<group>"; };
		B6C65A242D26C98500EB9EEA /* TabModifier.swift */ = {isa = PBXFileReference; lastKnownFileType = sourcecode.swift; path = TabModifier.swift; sourceTree = "<group>"; };
		B6C65A262D26D81300EB9EEA /* Extension+UIColor.swift */ = {isa = PBXFileReference; lastKnownFileType = sourcecode.swift; path = "Extension+UIColor.swift"; sourceTree = "<group>"; };
		B6F7A9282D3E73FA0062D897 /* Info.plist */ = {isa = PBXFileReference; lastKnownFileType = text.plist; path = Info.plist; sourceTree = "<group>"; };
		B6F7A9292D3E76490062D897 /* FontSize.swift */ = {isa = PBXFileReference; lastKnownFileType = sourcecode.swift; path = FontSize.swift; sourceTree = "<group>"; };
		B6F7A92B2D3EDC930062D897 /* BEButton.swift */ = {isa = PBXFileReference; lastKnownFileType = sourcecode.swift; path = BEButton.swift; sourceTree = "<group>"; };
		B6F7A92F2D3F18FC0062D897 /* ImageView.swift */ = {isa = PBXFileReference; lastKnownFileType = sourcecode.swift; path = ImageView.swift; sourceTree = "<group>"; };
		B6F7A9312D3F2B3B0062D897 /* Extension+View.swift */ = {isa = PBXFileReference; lastKnownFileType = sourcecode.swift; path = "Extension+View.swift"; sourceTree = "<group>"; };
		B6F7A9332D3F2B970062D897 /* CustomFullScreenCover.swift */ = {isa = PBXFileReference; lastKnownFileType = sourcecode.swift; path = CustomFullScreenCover.swift; sourceTree = "<group>"; };
/* End PBXFileReference section */

/* Begin PBXFrameworksBuildPhase section */
		B652FA322D232A6300306D3C /* Frameworks */ = {
			isa = PBXFrameworksBuildPhase;
			buildActionMask = 2147483647;
			files = (
			);
			runOnlyForDeploymentPostprocessing = 0;
		};
/* End PBXFrameworksBuildPhase section */

/* Begin PBXGroup section */
		B652FA2C2D232A6300306D3C = {
			isa = PBXGroup;
			children = (
				B652FA372D232A6300306D3C /* busease-app */,
				B652FA362D232A6300306D3C /* Products */,
			);
			sourceTree = "<group>";
		};
		B652FA362D232A6300306D3C /* Products */ = {
			isa = PBXGroup;
			children = (
				B652FA352D232A6300306D3C /* busease-app.app */,
			);
			name = Products;
			sourceTree = "<group>";
		};
		B652FA372D232A6300306D3C /* busease-app */ = {
			isa = PBXGroup;
			children = (
				B6F7A9282D3E73FA0062D897 /* Info.plist */,
				B6C659FA2D246C4F00EB9EEA /* Features */,
				B6C659F82D246BF800EB9EEA /* Resources */,
				B6C659F62D246BD900EB9EEA /* Utilities */,
				B6C659F52D246BD100EB9EEA /* Service */,
				B652FA382D232A6300306D3C /* busease_appApp.swift */,
				B652FA3C2D232A6A00306D3C /* Assets.xcassets */,
				B652FA3E2D232A6A00306D3C /* busease_app.entitlements */,
				B652FA3F2D232A6A00306D3C /* Preview Content */,
			);
			path = "busease-app";
			sourceTree = "<group>";
		};
		B652FA3F2D232A6A00306D3C /* Preview Content */ = {
			isa = PBXGroup;
			children = (
				B652FA402D232A6A00306D3C /* Preview Assets.xcassets */,
			);
			path = "Preview Content";
			sourceTree = "<group>";
		};
		B6C659F22D246BA700EB9EEA /* Models */ = {
			isa = PBXGroup;
			children = (
			);
			path = Models;
			sourceTree = "<group>";
		};
		B6C659F32D246BBA00EB9EEA /* Views */ = {
			isa = PBXGroup;
			children = (
			);
			path = Views;
			sourceTree = "<group>";
		};
		B6C659F42D246BC400EB9EEA /* ViewModels */ = {
			isa = PBXGroup;
			children = (
			);
			path = ViewModels;
			sourceTree = "<group>";
		};
		B6C659F52D246BD100EB9EEA /* Service */ = {
			isa = PBXGroup;
			children = (
				B6C659FF2D246D1B00EB9EEA /* Network */,
				B6C659FE2D246D0A00EB9EEA /* Database */,
				B6C659FD2D246D0200EB9EEA /* API */,
			);
			path = Service;
			sourceTree = "<group>";
		};
		B6C659F62D246BD900EB9EEA /* Utilities */ = {
			isa = PBXGroup;
			children = (
				B6C65A002D246D2B00EB9EEA /* Helpers */,
				B6C659F72D246BE700EB9EEA /* Extensions */,
			);
			path = Utilities;
			sourceTree = "<group>";
		};
		B6C659F72D246BE700EB9EEA /* Extensions */ = {
			isa = PBXGroup;
			children = (
				B6C65A182D26C71500EB9EEA /* Extension_Font.swift */,
				B6C65A262D26D81300EB9EEA /* Extension+UIColor.swift */,
				B6F7A9312D3F2B3B0062D897 /* Extension+View.swift */,
			);
			path = Extensions;
			sourceTree = "<group>";
		};
		B6C659F82D246BF800EB9EEA /* Resources */ = {
			isa = PBXGroup;
			children = (
				B6C65A232D26C97000EB9EEA /* CustomView */,
				B6C65A1A2D26C7B400EB9EEA /* Components */,
				B6C65A052D246D7E00EB9EEA /* Localizable */,
				B6C65A042D246D7400EB9EEA /* Images */,
				B6C65A032D246D6D00EB9EEA /* Colors */,
				B6C659F92D246C0E00EB9EEA /* Fonts */,
			);
			path = Resources;
			sourceTree = "<group>";
		};
		B6C659F92D246C0E00EB9EEA /* Fonts */ = {
			isa = PBXGroup;
			children = (
				B66D06CD2D29A36500AB1965 /* EncodeSans-Bold.ttf */,
				B66D06CC2D29A36500AB1965 /* EncodeSans-Light.ttf */,
				B66D06CB2D29A36500AB1965 /* EncodeSans-Medium.ttf */,
				B66D06CA2D29A36500AB1965 /* EncodeSans-Regular.ttf */,
				B66D06C62D29A33400AB1965 /* EncodeSans-SemiBold.ttf */,
				B66D06C82D29A34100AB1965 /* EncodeSans-Thin.ttf */,
				B6C65A142D26C67B00EB9EEA /* FontType.swift */,
				B6C65A162D26C6B100EB9EEA /* FontFamily.swift */,
				B6F7A9292D3E76490062D897 /* FontSize.swift */,
			);
			path = Fonts;
			sourceTree = "<group>";
		};
		B6C659FA2D246C4F00EB9EEA /* Features */ = {
			isa = PBXGroup;
			children = (
				B6C65A082D24710100EB9EEA /* Authentication */,
				B6C659FC2D246C6300EB9EEA /* Company */,
				B6C659FB2D246C5B00EB9EEA /* User */,
			);
			path = Features;
			sourceTree = "<group>";
		};
		B6C659FB2D246C5B00EB9EEA /* User */ = {
			isa = PBXGroup;
			children = (
				B6C659F42D246BC400EB9EEA /* ViewModels */,
				B6C659F32D246BBA00EB9EEA /* Views */,
				B6C659F22D246BA700EB9EEA /* Models */,
			);
			path = User;
			sourceTree = "<group>";
		};
		B6C659FC2D246C6300EB9EEA /* Company */ = {
			isa = PBXGroup;
			children = (
			);
			path = Company;
			sourceTree = "<group>";
		};
		B6C659FD2D246D0200EB9EEA /* API */ = {
			isa = PBXGroup;
			children = (
			);
			path = API;
			sourceTree = "<group>";
		};
		B6C659FE2D246D0A00EB9EEA /* Database */ = {
			isa = PBXGroup;
			children = (
			);
			path = Database;
			sourceTree = "<group>";
		};
		B6C659FF2D246D1B00EB9EEA /* Network */ = {
			isa = PBXGroup;
			children = (
			);
			path = Network;
			sourceTree = "<group>";
		};
		B6C65A002D246D2B00EB9EEA /* Helpers */ = {
			isa = PBXGroup;
			children = (
				B6C65A012D246D4C00EB9EEA /* ValidationHelper.swift */,
				B6C65A212D26C92400EB9EEA /* Error.swift */,
			);
			path = Helpers;
			sourceTree = "<group>";
		};
		B6C65A032D246D6D00EB9EEA /* Colors */ = {
			isa = PBXGroup;
			children = (
				B66D06D22D29B94200AB1965 /* ColorBE.swift */,
			);
			path = Colors;
			sourceTree = "<group>";
		};
		B6C65A042D246D7400EB9EEA /* Images */ = {
			isa = PBXGroup;
			children = (
				B64A2FE62D3DDD980032F053 /* IconView.swift */,
				B6F7A92F2D3F18FC0062D897 /* ImageView.swift */,
			);
			path = Images;
			sourceTree = "<group>";
		};
		B6C65A052D246D7E00EB9EEA /* Localizable */ = {
			isa = PBXGroup;
			children = (
			);
			path = Localizable;
			sourceTree = "<group>";
		};
		B6C65A082D24710100EB9EEA /* Authentication */ = {
			isa = PBXGroup;
			children = (
				B6C65A0F2D2471B000EB9EEA /* Service */,
				B6C65A0B2D24712000EB9EEA /* Model */,
				B6C65A0A2D24711500EB9EEA /* ViewModel */,
				B6C65A092D24710E00EB9EEA /* Views */,
			);
			path = Authentication;
			sourceTree = "<group>";
		};
		B6C65A092D24710E00EB9EEA /* Views */ = {
			isa = PBXGroup;
			children = (
				B6C65A062D2470B400EB9EEA /* RegisterUserView.swift */,
				B6C65A0D2D24715100EB9EEA /* LoginUserView.swift */,
				B66D06D42D29F65D00AB1965 /* VerificationCode.swift */,
			);
			path = Views;
			sourceTree = "<group>";
		};
		B6C65A0A2D24711500EB9EEA /* ViewModel */ = {
			isa = PBXGroup;
			children = (
				B6C65A122D2472BA00EB9EEA /* AuthenticationViewModel.swift */,
			);
			path = ViewModel;
			sourceTree = "<group>";
		};
		B6C65A0B2D24712000EB9EEA /* Model */ = {
			isa = PBXGroup;
			children = (
			);
			path = Model;
			sourceTree = "<group>";
		};
		B6C65A0F2D2471B000EB9EEA /* Service */ = {
			isa = PBXGroup;
			children = (
				B6C65A102D2471CA00EB9EEA /* AuthenticationService.swift */,
			);
			path = Service;
			sourceTree = "<group>";
		};
		B6C65A1A2D26C7B400EB9EEA /* Components */ = {
			isa = PBXGroup;
			children = (
				B6C65A1B2D26C7CC00EB9EEA /* TextFieldComponent.swift */,
				B6F7A92B2D3EDC930062D897 /* BEButton.swift */,
			);
			path = Components;
			sourceTree = "<group>";
		};
		B6C65A232D26C97000EB9EEA /* CustomView */ = {
			isa = PBXGroup;
			children = (
				B6C65A242D26C98500EB9EEA /* TabModifier.swift */,
				B6F7A9332D3F2B970062D897 /* CustomFullScreenCover.swift */,
			);
			path = CustomView;
			sourceTree = "<group>";
		};
/* End PBXGroup section */

/* Begin PBXNativeTarget section */
		B652FA342D232A6300306D3C /* busease-app */ = {
			isa = PBXNativeTarget;
			buildConfigurationList = B652FA442D232A6A00306D3C /* Build configuration list for PBXNativeTarget "busease-app" */;
			buildPhases = (
				B652FA312D232A6300306D3C /* Sources */,
				B652FA322D232A6300306D3C /* Frameworks */,
				B652FA332D232A6300306D3C /* Resources */,
			);
			buildRules = (
			);
			dependencies = (
			);
			name = "busease-app";
			productName = "busease-app";
			productReference = B652FA352D232A6300306D3C /* busease-app.app */;
			productType = "com.apple.product-type.application";
		};
/* End PBXNativeTarget section */

/* Begin PBXProject section */
		B652FA2D2D232A6300306D3C /* Project object */ = {
			isa = PBXProject;
			attributes = {
				BuildIndependentTargetsInParallel = 1;
				LastSwiftUpdateCheck = 1420;
				LastUpgradeCheck = 1420;
				TargetAttributes = {
					B652FA342D232A6300306D3C = {
						CreatedOnToolsVersion = 14.2;
					};
				};
			};
			buildConfigurationList = B652FA302D232A6300306D3C /* Build configuration list for PBXProject "busease-app" */;
			compatibilityVersion = "Xcode 14.0";
			developmentRegion = en;
			hasScannedForEncodings = 0;
			knownRegions = (
				en,
				Base,
			);
			mainGroup = B652FA2C2D232A6300306D3C;
			productRefGroup = B652FA362D232A6300306D3C /* Products */;
			projectDirPath = "";
			projectRoot = "";
			targets = (
				B652FA342D232A6300306D3C /* busease-app */,
			);
		};
/* End PBXProject section */

/* Begin PBXResourcesBuildPhase section */
		B652FA332D232A6300306D3C /* Resources */ = {
			isa = PBXResourcesBuildPhase;
			buildActionMask = 2147483647;
			files = (
				B66D06D12D29A36500AB1965 /* EncodeSans-Bold.ttf in Resources */,
				B66D06C72D29A33400AB1965 /* EncodeSans-SemiBold.ttf in Resources */,
				B652FA412D232A6A00306D3C /* Preview Assets.xcassets in Resources */,
				B66D06CF2D29A36500AB1965 /* EncodeSans-Medium.ttf in Resources */,
				B66D06CE2D29A36500AB1965 /* EncodeSans-Regular.ttf in Resources */,
				B66D06C92D29A34100AB1965 /* EncodeSans-Thin.ttf in Resources */,
				B652FA3D2D232A6A00306D3C /* Assets.xcassets in Resources */,
				B66D06D02D29A36500AB1965 /* EncodeSans-Light.ttf in Resources */,
			);
			runOnlyForDeploymentPostprocessing = 0;
		};
/* End PBXResourcesBuildPhase section */

/* Begin PBXSourcesBuildPhase section */
		B652FA312D232A6300306D3C /* Sources */ = {
			isa = PBXSourcesBuildPhase;
			buildActionMask = 2147483647;
			files = (
				B6C65A1C2D26C7CC00EB9EEA /* TextFieldComponent.swift in Sources */,
				B6F7A9302D3F18FC0062D897 /* ImageView.swift in Sources */,
				B6F7A9322D3F2B3B0062D897 /* Extension+View.swift in Sources */,
				B6C65A072D2470B400EB9EEA /* RegisterUserView.swift in Sources */,
				B6C65A0E2D24715100EB9EEA /* LoginUserView.swift in Sources */,
				B6F7A9342D3F2B970062D897 /* CustomFullScreenCover.swift in Sources */,
				B6C65A192D26C71500EB9EEA /* Extension_Font.swift in Sources */,
				B6C65A152D26C67B00EB9EEA /* FontType.swift in Sources */,
				B66D06D32D29B94200AB1965 /* ColorBE.swift in Sources */,
				B6F7A92C2D3EDC930062D897 /* BEButton.swift in Sources */,
				B6F7A92A2D3E76490062D897 /* FontSize.swift in Sources */,
				B6C65A132D2472BA00EB9EEA /* AuthenticationViewModel.swift in Sources */,
				B6C65A272D26D81400EB9EEA /* Extension+UIColor.swift in Sources */,
				B6C65A112D2471CA00EB9EEA /* AuthenticationService.swift in Sources */,
				B6C65A172D26C6B100EB9EEA /* FontFamily.swift in Sources */,
				B6C65A022D246D4C00EB9EEA /* ValidationHelper.swift in Sources */,
				B64A2FE72D3DDD980032F053 /* IconView.swift in Sources */,
				B6C65A222D26C92400EB9EEA /* Error.swift in Sources */,
				B6C65A252D26C98500EB9EEA /* TabModifier.swift in Sources */,
				B652FA392D232A6300306D3C /* busease_appApp.swift in Sources */,
				B66D06D52D29F65D00AB1965 /* VerificationCode.swift in Sources */,
			);
			runOnlyForDeploymentPostprocessing = 0;
		};
/* End PBXSourcesBuildPhase section */

/* Begin XCBuildConfiguration section */
		B652FA422D232A6A00306D3C /* Debug */ = {
			isa = XCBuildConfiguration;
			buildSettings = {
				ALWAYS_SEARCH_USER_PATHS = NO;
				CLANG_ANALYZER_NONNULL = YES;
				CLANG_ANALYZER_NUMBER_OBJECT_CONVERSION = YES_AGGRESSIVE;
				CLANG_CXX_LANGUAGE_STANDARD = "gnu++20";
				CLANG_ENABLE_MODULES = YES;
				CLANG_ENABLE_OBJC_ARC = YES;
				CLANG_ENABLE_OBJC_WEAK = YES;
				CLANG_WARN_BLOCK_CAPTURE_AUTORELEASING = YES;
				CLANG_WARN_BOOL_CONVERSION = YES;
				CLANG_WARN_COMMA = YES;
				CLANG_WARN_CONSTANT_CONVERSION = YES;
				CLANG_WARN_DEPRECATED_OBJC_IMPLEMENTATIONS = YES;
				CLANG_WARN_DIRECT_OBJC_ISA_USAGE = YES_ERROR;
				CLANG_WARN_DOCUMENTATION_COMMENTS = YES;
				CLANG_WARN_EMPTY_BODY = YES;
				CLANG_WARN_ENUM_CONVERSION = YES;
				CLANG_WARN_INFINITE_RECURSION = YES;
				CLANG_WARN_INT_CONVERSION = YES;
				CLANG_WARN_NON_LITERAL_NULL_CONVERSION = YES;
				CLANG_WARN_OBJC_IMPLICIT_RETAIN_SELF = YES;
				CLANG_WARN_OBJC_LITERAL_CONVERSION = YES;
				CLANG_WARN_OBJC_ROOT_CLASS = YES_ERROR;
				CLANG_WARN_QUOTED_INCLUDE_IN_FRAMEWORK_HEADER = YES;
				CLANG_WARN_RANGE_LOOP_ANALYSIS = YES;
				CLANG_WARN_STRICT_PROTOTYPES = YES;
				CLANG_WARN_SUSPICIOUS_MOVE = YES;
				CLANG_WARN_UNGUARDED_AVAILABILITY = YES_AGGRESSIVE;
				CLANG_WARN_UNREACHABLE_CODE = YES;
				CLANG_WARN__DUPLICATE_METHOD_MATCH = YES;
				COPY_PHASE_STRIP = NO;
				DEBUG_INFORMATION_FORMAT = dwarf;
				ENABLE_STRICT_OBJC_MSGSEND = YES;
				ENABLE_TESTABILITY = YES;
				GCC_C_LANGUAGE_STANDARD = gnu11;
				GCC_DYNAMIC_NO_PIC = NO;
				GCC_NO_COMMON_BLOCKS = YES;
				GCC_OPTIMIZATION_LEVEL = 0;
				GCC_PREPROCESSOR_DEFINITIONS = (
					"DEBUG=1",
					"$(inherited)",
				);
				GCC_WARN_64_TO_32_BIT_CONVERSION = YES;
				GCC_WARN_ABOUT_RETURN_TYPE = YES_ERROR;
				GCC_WARN_UNDECLARED_SELECTOR = YES;
				GCC_WARN_UNINITIALIZED_AUTOS = YES_AGGRESSIVE;
				GCC_WARN_UNUSED_FUNCTION = YES;
				GCC_WARN_UNUSED_VARIABLE = YES;
				MTL_ENABLE_DEBUG_INFO = INCLUDE_SOURCE;
				MTL_FAST_MATH = YES;
				ONLY_ACTIVE_ARCH = YES;
				SWIFT_ACTIVE_COMPILATION_CONDITIONS = DEBUG;
				SWIFT_OPTIMIZATION_LEVEL = "-Onone";
			};
			name = Debug;
		};
		B652FA432D232A6A00306D3C /* Release */ = {
			isa = XCBuildConfiguration;
			buildSettings = {
				ALWAYS_SEARCH_USER_PATHS = NO;
				CLANG_ANALYZER_NONNULL = YES;
				CLANG_ANALYZER_NUMBER_OBJECT_CONVERSION = YES_AGGRESSIVE;
				CLANG_CXX_LANGUAGE_STANDARD = "gnu++20";
				CLANG_ENABLE_MODULES = YES;
				CLANG_ENABLE_OBJC_ARC = YES;
				CLANG_ENABLE_OBJC_WEAK = YES;
				CLANG_WARN_BLOCK_CAPTURE_AUTORELEASING = YES;
				CLANG_WARN_BOOL_CONVERSION = YES;
				CLANG_WARN_COMMA = YES;
				CLANG_WARN_CONSTANT_CONVERSION = YES;
				CLANG_WARN_DEPRECATED_OBJC_IMPLEMENTATIONS = YES;
				CLANG_WARN_DIRECT_OBJC_ISA_USAGE = YES_ERROR;
				CLANG_WARN_DOCUMENTATION_COMMENTS = YES;
				CLANG_WARN_EMPTY_BODY = YES;
				CLANG_WARN_ENUM_CONVERSION = YES;
				CLANG_WARN_INFINITE_RECURSION = YES;
				CLANG_WARN_INT_CONVERSION = YES;
				CLANG_WARN_NON_LITERAL_NULL_CONVERSION = YES;
				CLANG_WARN_OBJC_IMPLICIT_RETAIN_SELF = YES;
				CLANG_WARN_OBJC_LITERAL_CONVERSION = YES;
				CLANG_WARN_OBJC_ROOT_CLASS = YES_ERROR;
				CLANG_WARN_QUOTED_INCLUDE_IN_FRAMEWORK_HEADER = YES;
				CLANG_WARN_RANGE_LOOP_ANALYSIS = YES;
				CLANG_WARN_STRICT_PROTOTYPES = YES;
				CLANG_WARN_SUSPICIOUS_MOVE = YES;
				CLANG_WARN_UNGUARDED_AVAILABILITY = YES_AGGRESSIVE;
				CLANG_WARN_UNREACHABLE_CODE = YES;
				CLANG_WARN__DUPLICATE_METHOD_MATCH = YES;
				COPY_PHASE_STRIP = NO;
				DEBUG_INFORMATION_FORMAT = "dwarf-with-dsym";
				ENABLE_NS_ASSERTIONS = NO;
				ENABLE_STRICT_OBJC_MSGSEND = YES;
				GCC_C_LANGUAGE_STANDARD = gnu11;
				GCC_NO_COMMON_BLOCKS = YES;
				GCC_WARN_64_TO_32_BIT_CONVERSION = YES;
				GCC_WARN_ABOUT_RETURN_TYPE = YES_ERROR;
				GCC_WARN_UNDECLARED_SELECTOR = YES;
				GCC_WARN_UNINITIALIZED_AUTOS = YES_AGGRESSIVE;
				GCC_WARN_UNUSED_FUNCTION = YES;
				GCC_WARN_UNUSED_VARIABLE = YES;
				MTL_ENABLE_DEBUG_INFO = NO;
				MTL_FAST_MATH = YES;
				SWIFT_COMPILATION_MODE = wholemodule;
				SWIFT_OPTIMIZATION_LEVEL = "-O";
			};
			name = Release;
		};
		B652FA452D232A6A00306D3C /* Debug */ = {
			isa = XCBuildConfiguration;
			buildSettings = {
				ASSETCATALOG_COMPILER_APPICON_NAME = AppIcon;
				ASSETCATALOG_COMPILER_GLOBAL_ACCENT_COLOR_NAME = AccentColor;
				CODE_SIGN_ENTITLEMENTS = "busease-app/busease_app.entitlements";
				CODE_SIGN_STYLE = Automatic;
				CURRENT_PROJECT_VERSION = 1;
				DEVELOPMENT_ASSET_PATHS = "\"busease-app/Preview Content\"";
				ENABLE_PREVIEWS = YES;
				GENERATE_INFOPLIST_FILE = YES;
				INFOPLIST_FILE = "busease-app/Info.plist";
				"INFOPLIST_KEY_UIApplicationSceneManifest_Generation[sdk=iphoneos*]" = YES;
				"INFOPLIST_KEY_UIApplicationSceneManifest_Generation[sdk=iphonesimulator*]" = YES;
				"INFOPLIST_KEY_UIApplicationSupportsIndirectInputEvents[sdk=iphoneos*]" = YES;
				"INFOPLIST_KEY_UIApplicationSupportsIndirectInputEvents[sdk=iphonesimulator*]" = YES;
				"INFOPLIST_KEY_UILaunchScreen_Generation[sdk=iphoneos*]" = YES;
				"INFOPLIST_KEY_UILaunchScreen_Generation[sdk=iphonesimulator*]" = YES;
				"INFOPLIST_KEY_UIStatusBarStyle[sdk=iphoneos*]" = UIStatusBarStyleDefault;
				"INFOPLIST_KEY_UIStatusBarStyle[sdk=iphonesimulator*]" = UIStatusBarStyleDefault;
				INFOPLIST_KEY_UISupportedInterfaceOrientations_iPad = "UIInterfaceOrientationPortrait UIInterfaceOrientationPortraitUpsideDown UIInterfaceOrientationLandscapeLeft UIInterfaceOrientationLandscapeRight";
				INFOPLIST_KEY_UISupportedInterfaceOrientations_iPhone = "UIInterfaceOrientationPortrait UIInterfaceOrientationLandscapeLeft UIInterfaceOrientationLandscapeRight";
				IPHONEOS_DEPLOYMENT_TARGET = 15.0;
				LD_RUNPATH_SEARCH_PATHS = "@executable_path/Frameworks";
				"LD_RUNPATH_SEARCH_PATHS[sdk=macosx*]" = "@executable_path/../Frameworks";
				MACOSX_DEPLOYMENT_TARGET = 13.1;
				MARKETING_VERSION = 1.0;
				PRODUCT_BUNDLE_IDENTIFIER = "nine-innovation.busease-app";
				PRODUCT_NAME = "$(TARGET_NAME)";
				SDKROOT = auto;
				SUPPORTED_PLATFORMS = "iphoneos iphonesimulator";
				SUPPORTS_MACCATALYST = NO;
				SUPPORTS_MAC_DESIGNED_FOR_IPHONE_IPAD = NO;
				SWIFT_EMIT_LOC_STRINGS = YES;
				SWIFT_VERSION = 5.0;
				TARGETED_DEVICE_FAMILY = 1;
			};
			name = Debug;
		};
		B652FA462D232A6A00306D3C /* Release */ = {
			isa = XCBuildConfiguration;
			buildSettings = {
				ASSETCATALOG_COMPILER_APPICON_NAME = AppIcon;
				ASSETCATALOG_COMPILER_GLOBAL_ACCENT_COLOR_NAME = AccentColor;
				CODE_SIGN_ENTITLEMENTS = "busease-app/busease_app.entitlements";
				CODE_SIGN_STYLE = Automatic;
				CURRENT_PROJECT_VERSION = 1;
				DEVELOPMENT_ASSET_PATHS = "\"busease-app/Preview Content\"";
				ENABLE_PREVIEWS = YES;
				GENERATE_INFOPLIST_FILE = YES;
				INFOPLIST_FILE = "busease-app/Info.plist";
				"INFOPLIST_KEY_UIApplicationSceneManifest_Generation[sdk=iphoneos*]" = YES;
				"INFOPLIST_KEY_UIApplicationSceneManifest_Generation[sdk=iphonesimulator*]" = YES;
				"INFOPLIST_KEY_UIApplicationSupportsIndirectInputEvents[sdk=iphoneos*]" = YES;
				"INFOPLIST_KEY_UIApplicationSupportsIndirectInputEvents[sdk=iphonesimulator*]" = YES;
				"INFOPLIST_KEY_UILaunchScreen_Generation[sdk=iphoneos*]" = YES;
				"INFOPLIST_KEY_UILaunchScreen_Generation[sdk=iphonesimulator*]" = YES;
				"INFOPLIST_KEY_UIStatusBarStyle[sdk=iphoneos*]" = UIStatusBarStyleDefault;
				"INFOPLIST_KEY_UIStatusBarStyle[sdk=iphonesimulator*]" = UIStatusBarStyleDefault;
				INFOPLIST_KEY_UISupportedInterfaceOrientations_iPad = "UIInterfaceOrientationPortrait UIInterfaceOrientationPortraitUpsideDown UIInterfaceOrientationLandscapeLeft UIInterfaceOrientationLandscapeRight";
				INFOPLIST_KEY_UISupportedInterfaceOrientations_iPhone = "UIInterfaceOrientationPortrait UIInterfaceOrientationLandscapeLeft UIInterfaceOrientationLandscapeRight";
				IPHONEOS_DEPLOYMENT_TARGET = 15.0;
				LD_RUNPATH_SEARCH_PATHS = "@executable_path/Frameworks";
				"LD_RUNPATH_SEARCH_PATHS[sdk=macosx*]" = "@executable_path/../Frameworks";
				MACOSX_DEPLOYMENT_TARGET = 13.1;
				MARKETING_VERSION = 1.0;
				PRODUCT_BUNDLE_IDENTIFIER = "nine-innovation.busease-app";
				PRODUCT_NAME = "$(TARGET_NAME)";
				SDKROOT = auto;
				SUPPORTED_PLATFORMS = "iphoneos iphonesimulator";
				SUPPORTS_MACCATALYST = NO;
				SUPPORTS_MAC_DESIGNED_FOR_IPHONE_IPAD = NO;
				SWIFT_EMIT_LOC_STRINGS = YES;
				SWIFT_VERSION = 5.0;
				TARGETED_DEVICE_FAMILY = 1;
			};
			name = Release;
		};
/* End XCBuildConfiguration section */

/* Begin XCConfigurationList section */
		B652FA302D232A6300306D3C /* Build configuration list for PBXProject "busease-app" */ = {
			isa = XCConfigurationList;
			buildConfigurations = (
				B652FA422D232A6A00306D3C /* Debug */,
				B652FA432D232A6A00306D3C /* Release */,
			);
			defaultConfigurationIsVisible = 0;
			defaultConfigurationName = Release;
		};
		B652FA442D232A6A00306D3C /* Build configuration list for PBXNativeTarget "busease-app" */ = {
			isa = XCConfigurationList;
			buildConfigurations = (
				B652FA452D232A6A00306D3C /* Debug */,
				B652FA462D232A6A00306D3C /* Release */,
			);
			defaultConfigurationIsVisible = 0;
			defaultConfigurationName = Release;
		};
/* End XCConfigurationList section */
	};
	rootObject = B652FA2D2D232A6300306D3C /* Project object */;
}
